
Microsoft Visual Studio Solution File, Format Version 12.00
# Visual Studio Version 16
VisualStudioVersion = 16.0.29230.47
MinimumVisualStudioVersion = 10.0.40219.1
Project("{FAE04EC0-301F-11D3-BF4B-00C04F79EFBC}") = "RecordStore", "RecordStore\RecordStore.csproj", "{1221159A-A393-44BF-A620-36BD7977084F}"
EndProject
Project("{FAE04EC0-301F-11D3-BF4B-00C04F79EFBC}") = "RecordStore.Tests", "RecordStore.Tests\RecordStore.Tests.csproj", "{B3378642-5BDC-4A3F-A69F-67D67B05B8DA}"
EndProject
Global
	GlobalSection(SolutionConfigurationPlatforms) = preSolution
		Debug|Any CPU = Debug|Any CPU
		Release|Any CPU = Release|Any CPU
	EndGlobalSection
	GlobalSection(ProjectConfigurationPlatforms) = postSolution
		{1221159A-A393-44BF-A620-36BD7977084F}.Debug|Any CPU.ActiveCfg = Debug|Any CPU
		{1221159A-A393-44BF-A620-36BD7977084F}.Debug|Any CPU.Build.0 = Debug|Any CPU
		{1221159A-A393-44BF-A620-36BD7977084F}.Release|Any CPU.ActiveCfg = Release|Any CPU
		{1221159A-A393-44BF-A620-36BD7977084F}.Release|Any CPU.Build.0 = Release|Any CPU
		{B3378642-5BDC-4A3F-A69F-67D67B05B8DA}.Debug|Any CPU.ActiveCfg = Debug|Any CPU
		{B3378642-5BDC-4A3F-A69F-67D67B05B8DA}.Debug|Any CPU.Build.0 = Debug|Any CPU
		{B3378642-5BDC-4A3F-A69F-67D67B05B8DA}.Release|Any CPU.ActiveCfg = Release|Any CPU
		{B3378642-5BDC-4A3F-A69F-67D67B05B8DA}.Release|Any CPU.Build.0 = Release|Any CPU
	EndGlobalSection
	GlobalSection(SolutionProperties) = preSolution
		HideSolutionNode = FALSE
	EndGlobalSection
	GlobalSection(ExtensibilityGlobals) = postSolution
		SolutionGuid = {71335856-78A5-492A-BF00-71CBF943B613}
	EndGlobalSection
EndGlobal
